#MicroXplorer Configuration settings - do not modify
File.Version=5
KeepUserPlacement=false
Mcu.Family=STM32F4
Mcu.IP0=NVIC
Mcu.IP1=RCC
Mcu.IP2=USB_HOST
Mcu.IP3=USB_OTG_FS
Mcu.IPNb=4
Mcu.Name=STM32F429Z(E-G-I)Tx
Mcu.Package=LQFP144
Mcu.Pin0=PH0/OSC_IN
Mcu.Pin1=PH1/OSC_OUT
Mcu.Pin2=PC4
Mcu.Pin3=PA11
Mcu.Pin4=PA12
Mcu.Pin5=PG13
Mcu.Pin6=VP_USB_HOST_VS_USB_HOST_ALL_CLASS_FS
Mcu.PinsNb=7
Mcu.UserConstants=
Mcu.UserName=STM32F429ZITx
MxCube.Version=4.11.0
MxDb.Version=DB.4.0.110
NVIC.OTG_FS_IRQn=true\:0\:0\:false
NVIC.PriorityGroup=NVIC_PRIORITYGROUP_4
NVIC.SysTick_IRQn=true\:0\:0\:false
PA11.GPIOParameters=GPIO_Speed,GPIO_PuPd,GPIO_Mode
PA11.GPIO_Mode=GPIO_MODE_AF_PP
PA11.GPIO_PuPd=GPIO_NOPULL
PA11.GPIO_Speed=GPIO_SPEED_HIGH
PA11.Mode=Host_Only
PA11.Signal=USB_OTG_FS_DM
PA12.GPIOParameters=GPIO_Speed,GPIO_PuPd,GPIO_Mode
PA12.GPIO_Mode=GPIO_MODE_AF_PP
PA12.GPIO_PuPd=GPIO_NOPULL
PA12.GPIO_Speed=GPIO_SPEED_HIGH
PA12.Mode=Host_Only
PA12.Signal=USB_OTG_FS_DP
PC4.Locked=true
PC4.Signal=GPIO_Output
PCC.Checker=false
PCC.Line=STM32F429/439
PCC.MCU=STM32F429Z(E-G-I)Tx
PCC.MXVersion=4.11.0
PCC.PartNumber=STM32F429ZITx
PCC.Seq0=0
PCC.Series=STM32F4
PCC.Temperature=25
PCC.Vdd=null
PG13.Locked=true
PG13.Signal=GPIO_Output
PH0/OSC_IN.Mode=HSE-External-Oscillator
PH0/OSC_IN.Signal=RCC_OSC_IN
PH1/OSC_OUT.Mode=HSE-External-Oscillator
PH1/OSC_OUT.Signal=RCC_OSC_OUT
ProjectManager.AskForMigrate=true
ProjectManager.BackupPrevious=false
ProjectManager.CompilerOptimize=2
ProjectManager.ComputerToolchain=false
ProjectManager.CoupleFile=false
ProjectManager.DeletePrevious=true
ProjectManager.DeviceId=STM32F429ZITx
ProjectManager.FirmwarePackage=STM32Cube FW_F4 V1.9.0
ProjectManager.FreePins=false
ProjectManager.HalAssertFull=false
ProjectManager.KeepUserCode=true
ProjectManager.LastFirmware=true
ProjectManager.LibraryCopy=0
ProjectManager.ProjectBuild=false
ProjectManager.ProjectFileName=USB_Host_Test.ioc
ProjectManager.ProjectName=USB_Host_Test
ProjectManager.TargetToolchain=MDK-ARM 4.73
ProjectManager.ToolChainLocation=
RCC.48MHZClocksFreq_Value=48000000
RCC.AHBFreq_Value=168000000
RCC.APB1CLKDivider=RCC_HCLK_DIV4
RCC.APB1Freq_Value=42000000
RCC.APB1TimFreq_Value=84000000
RCC.APB2CLKDivider=RCC_HCLK_DIV2
RCC.APB2Freq_Value=84000000
RCC.APB2TimFreq_Value=168000000
RCC.CortexFreq_Value=168000000
RCC.EthernetFreq_Value=168000000
RCC.FCLKCortexFreq_Value=168000000
RCC.FamilyName=M
RCC.HCLKFreq_Value=168000000
RCC.HSE_VALUE=8000000
RCC.HSI_VALUE=16000000
RCC.I2SClocksFreq_Value=96000000
RCC.IPParameters=LSI_VALUE,APB1TimFreq_Value,VcooutputI2SQ,SAI_AClocksFreq_Value,APB2Freq_Value,MCO2PinFreq_Value,APB1CLKDivider,FCLKCortexFreq_Value,48MHZClocksFreq_Value,AHBFreq_Value,VCOInputFreq_Value,I2SClocksFreq_Value,VCOSAIOutputFreq_Value,SYSCLKFreq_VALUE,SYSCLKSource,LSE_VALUE,HSE_VALUE,HSI_VALUE,LCDTFTFreq_Value,VCOI2SOutputFreq_Value,VCOSAIOutputFreq_ValueQ,VCOSAIOutputFreq_ValueR,PLLCLKFreq_Value,RTCFreq_Value,FamilyName,HCLKFreq_Value,EthernetFreq_Value,APB2CLKDivider,PLLM,PLLN,VCOOutputFreq_Value,VcooutputI2S,SAI_BClocksFreq_Value,CortexFreq_Value,APB1Freq_Value,RTCHSEDivFreq_Value,APB2TimFreq_Value,PLLQCLKFreq_Value,PLLQ
RCC.LCDTFTFreq_Value=12250000
RCC.LSE_VALUE=32768
RCC.LSI_VALUE=32000
RCC.MCO2PinFreq_Value=168000000
RCC.PLLCLKFreq_Value=168000000
RCC.PLLM=8
RCC.PLLN=336
RCC.PLLQ=7
RCC.PLLQCLKFreq_Value=48000000
RCC.RTCFreq_Value=32000
RCC.RTCHSEDivFreq_Value=4000000
RCC.SAI_AClocksFreq_Value=12250000
RCC.SAI_BClocksFreq_Value=12250000
RCC.SYSCLKFreq_VALUE=168000000
RCC.SYSCLKSource=RCC_SYSCLKSOURCE_PLLCLK
RCC.VCOI2SOutputFreq_Value=192000000
RCC.VCOInputFreq_Value=1000000
RCC.VCOOutputFreq_Value=336000000
RCC.VCOSAIOutputFreq_Value=49000000
RCC.VCOSAIOutputFreq_ValueQ=12250000
RCC.VCOSAIOutputFreq_ValueR=24500000
RCC.VcooutputI2S=96000000
RCC.VcooutputI2SQ=96000000
USB_HOST.BSP.number=1
USB_HOST.IPParameters=USBH_MAX_NUM_ENDPOINTS-ALL_Classes_FS,USBH_HandleTypeDef-ALL_Classes_FS,USBH_DEBUG_LEVEL-ALL_Classes_FS,VirtualModeFS-ALL_Classes_FS,USBH_MAX_DATA_BUFFER-ALL_Classes_FS,USBH_MAX_NUM_SUPPORTED_CLASS-ALL_Classes_FS,VirtualModeFS,USBH_MAX_SIZE_CONFIGURATION-ALL_Classes_FS
USB_HOST.USBH_DEBUG_LEVEL-ALL_Classes_FS=3
USB_HOST.USBH_HandleTypeDef-ALL_Classes_FS=hUsbHostFS
USB_HOST.USBH_MAX_DATA_BUFFER-ALL_Classes_FS=4096
USB_HOST.USBH_MAX_NUM_ENDPOINTS-ALL_Classes_FS=1
USB_HOST.USBH_MAX_NUM_SUPPORTED_CLASS-ALL_Classes_FS=6
USB_HOST.USBH_MAX_SIZE_CONFIGURATION-ALL_Classes_FS=512
USB_HOST.VirtualModeFS=All_Classes
USB_HOST.VirtualModeFS-ALL_Classes_FS=All_Classes
USB_HOST0.BSP.i2caddr=0
USB_HOST0.BSP.i2creg=0
USB_HOST0.BSP.instance=PC4
USB_HOST0.BSP.ip=GPIO
USB_HOST0.BSP.mode=Output
USB_HOST0.BSP.name=Drive_VBUS_FS
USB_OTG_FS.IPParameters=phy_itface-Host_Only,phy_itface
USB_OTG_FS.phy_itface=HCD_PHY_EMBEDDED
USB_OTG_FS.phy_itface-Host_Only=HCD_PHY_EMBEDDED
VP_USB_HOST_VS_USB_HOST_ALL_CLASS_FS.Mode=ALL_Classes_FS
VP_USB_HOST_VS_USB_HOST_ALL_CLASS_FS.Signal=USB_HOST_VS_USB_HOST_ALL_CLASS_FS
board=USB_Host_Test
